// !$*UTF8*$!
{
	archiveVersion = 1;
	classes = {
	};
	objectVersion = 48;
	objects = {

/* Begin PBXBuildFile section */
		8AAB07DB1FB2A29600EAE39B /* AppDelegate.swift in Sources */ = {isa = PBXBuildFile; fileRef = 8AAB07DA1FB2A29600EAE39B /* AppDelegate.swift */; };
		8AAB07DD1FB2A29600EAE39B /* ViewController.swift in Sources */ = {isa = PBXBuildFile; fileRef = 8AAB07DC1FB2A29600EAE39B /* ViewController.swift */; };
		8AAB07E01FB2A29600EAE39B /* Main.storyboard in Resources */ = {isa = PBXBuildFile; fileRef = 8AAB07DE1FB2A29600EAE39B /* Main.storyboard */; };
		8AAB07E21FB2A29600EAE39B /* Assets.xcassets in Resources */ = {isa = PBXBuildFile; fileRef = 8AAB07E11FB2A29600EAE39B /* Assets.xcassets */; };
		8AAB07E51FB2A29600EAE39B /* LaunchScreen.storyboard in Resources */ = {isa = PBXBuildFile; fileRef = 8AAB07E31FB2A29600EAE39B /* LaunchScreen.storyboard */; };
		8AAB07F01FB2A29600EAE39B /* QuizDonorDarahTests.swift in Sources */ = {isa = PBXBuildFile; fileRef = 8AAB07EF1FB2A29600EAE39B /* QuizDonorDarahTests.swift */; };
		8AAB07FB1FB2A29600EAE39B /* QuizDonorDarahUITests.swift in Sources */ = {isa = PBXBuildFile; fileRef = 8AAB07FA1FB2A29600EAE39B /* QuizDonorDarahUITests.swift */; };
		8AAB08091FB2A36E00EAE39B /* Loan.swift in Sources */ = {isa = PBXBuildFile; fileRef = 8AAB08081FB2A36E00EAE39B /* Loan.swift */; };
		8AAB080B1FB2A38700EAE39B /* DetailViewController.swift in Sources */ = {isa = PBXBuildFile; fileRef = 8AAB080A1FB2A38700EAE39B /* DetailViewController.swift */; };
		8AAB080D1FB2A39100EAE39B /* TableViewController.swift in Sources */ = {isa = PBXBuildFile; fileRef = 8AAB080C1FB2A39100EAE39B /* TableViewController.swift */; };
		8AAB080F1FB2A3A900EAE39B /* Cell.swift in Sources */ = {isa = PBXBuildFile; fileRef = 8AAB080E1FB2A3A900EAE39B /* Cell.swift */; };
/* End PBXBuildFile section */

/* Begin PBXContainerItemProxy section */
		8AAB07EC1FB2A29600EAE39B /* PBXContainerItemProxy */ = {
			isa = PBXContainerItemProxy;
			containerPortal = 8AAB07CF1FB2A29600EAE39B /* Project object */;
			proxyType = 1;
			remoteGlobalIDString = 8AAB07D61FB2A29600EAE39B;
			remoteInfo = QuizDonorDarah;
		};
		8AAB07F71FB2A29600EAE39B /* PBXContainerItemProxy */ = {
			isa = PBXContainerItemProxy;
			containerPortal = 8AAB07CF1FB2A29600EAE39B /* Project object */;
			proxyType = 1;
			remoteGlobalIDString = 8AAB07D61FB2A29600EAE39B;
			remoteInfo = QuizDonorDarah;
		};
/* End PBXContainerItemProxy section */

/* Begin PBXFileReference section */
		8AAB07D71FB2A29600EAE39B /* QuizDonorDarah.app */ = {isa = PBXFileReference; explicitFileType = wrapper.application; includeInIndex = 0; path = QuizDonorDarah.app; sourceTree = BUILT_PRODUCTS_DIR; };
		8AAB07DA1FB2A29600EAE39B /* AppDelegate.swift */ = {isa = PBXFileReference; lastKnownFileType = sourcecode.swift; path = AppDelegate.swift; sourceTree = "<group>"; };
		8AAB07DC1FB2A29600EAE39B /* ViewController.swift */ = {isa = PBXFileReference; lastKnownFileType = sourcecode.swift; path = ViewController.swift; sourceTree = "<group>"; };
		8AAB07DF1FB2A29600EAE39B /* Base */ = {isa = PBXFileReference; lastKnownFileType = file.storyboard; name = Base; path = Base.lproj/Main.storyboard; sourceTree = "<group>"; };
		8AAB07E11FB2A29600EAE39B /* Assets.xcassets */ = {isa = PBXFileReference; lastKnownFileType = folder.assetcatalog; path = Assets.xcassets; sourceTree = "<group>"; };
		8AAB07E41FB2A29600EAE39B /* Base */ = {isa = PBXFileReference; lastKnownFileType = file.storyboard; name = Base; path = Base.lproj/LaunchScreen.storyboard; sourceTree = "<group>"; };
		8AAB07E61FB2A29600EAE39B /* Info.plist */ = {isa = PBXFileReference; lastKnownFileType = text.plist.xml; path = Info.plist; sourceTree = "<group>"; };
		8AAB07EB1FB2A29600EAE39B /* QuizDonorDarahTests.xctest */ = {isa = PBXFileReference; explicitFileType = wrapper.cfbundle; includeInIndex = 0; path = QuizDonorDarahTests.xctest; sourceTree = BUILT_PRODUCTS_DIR; };
		8AAB07EF1FB2A29600EAE39B /* QuizDonorDarahTests.swift */ = {isa = PBXFileReference; lastKnownFileType = sourcecode.swift; path = QuizDonorDarahTests.swift; sourceTree = "<group>"; };
		8AAB07F11FB2A29600EAE39B /* Info.plist */ = {isa = PBXFileReference; lastKnownFileType = text.plist.xml; path = Info.plist; sourceTree = "<group>"; };
		8AAB07F61FB2A29600EAE39B /* QuizDonorDarahUITests.xctest */ = {isa = PBXFileReference; explicitFileType = wrapper.cfbundle; includeInIndex = 0; path = QuizDonorDarahUITests.xctest; sourceTree = BUILT_PRODUCTS_DIR; };
		8AAB07FA1FB2A29600EAE39B /* QuizDonorDarahUITests.swift */ = {isa = PBXFileReference; lastKnownFileType = sourcecode.swift; path = QuizDonorDarahUITests.swift; sourceTree = "<group>"; };
		8AAB07FC1FB2A29600EAE39B /* Info.plist */ = {isa = PBXFileReference; lastKnownFileType = text.plist.xml; path = Info.plist; sourceTree = "<group>"; };
		8AAB08081FB2A36E00EAE39B /* Loan.swift */ = {isa = PBXFileReference; lastKnownFileType = sourcecode.swift; path = Loan.swift; sourceTree = "<group>"; };
		8AAB080A1FB2A38700EAE39B /* DetailViewController.swift */ = {isa = PBXFileReference; lastKnownFileType = sourcecode.swift; path = DetailViewController.swift; sourceTree = "<group>"; };
		8AAB080C1FB2A39100EAE39B /* TableViewController.swift */ = {isa = PBXFileReference; lastKnownFileType = sourcecode.swift; path = TableViewController.swift; sourceTree = "<group>"; };
		8AAB080E1FB2A3A900EAE39B /* Cell.swift */ = {isa = PBXFileReference; lastKnownFileType = sourcecode.swift; path = Cell.swift; sourceTree = "<group>"; };
/* End PBXFileReference section */

/* Begin PBXFrameworksBuildPhase section */
		8AAB07D41FB2A29600EAE39B /* Frameworks */ = {
			isa = PBXFrameworksBuildPhase;
			buildActionMask = 2147483647;
			files = (
			);
			runOnlyForDeploymentPostprocessing = 0;
		};
		8AAB07E81FB2A29600EAE39B /* Frameworks */ = {
			isa = PBXFrameworksBuildPhase;
			buildActionMask = 2147483647;
			files = (
			);
			runOnlyForDeploymentPostprocessing = 0;
		};
		8AAB07F31FB2A29600EAE39B /* Frameworks */ = {
			isa = PBXFrameworksBuildPhase;
			buildActionMask = 2147483647;
			files = (
			);
			runOnlyForDeploymentPostprocessing = 0;
		};
/* End PBXFrameworksBuildPhase section */

/* Begin PBXGroup section */
		8AAB07CE1FB2A29600EAE39B = {
			isa = PBXGroup;
			children = (
				8AAB07D91FB2A29600EAE39B /* QuizDonorDarah */,
				8AAB07EE1FB2A29600EAE39B /* QuizDonorDarahTests */,
				8AAB07F91FB2A29600EAE39B /* QuizDonorDarahUITests */,
				8AAB07D81FB2A29600EAE39B /* Products */,
			);
			sourceTree = "<group>";
		};
		8AAB07D81FB2A29600EAE39B /* Products */ = {
			isa = PBXGroup;
			children = (
				8AAB07D71FB2A29600EAE39B /* QuizDonorDarah.app */,
				8AAB07EB1FB2A29600EAE39B /* QuizDonorDarahTests.xctest */,
				8AAB07F61FB2A29600EAE39B /* QuizDonorDarahUITests.xctest */,
			);
			name = Products;
			sourceTree = "<group>";
		};
		8AAB07D91FB2A29600EAE39B /* QuizDonorDarah */ = {
			isa = PBXGroup;
			children = (
				8AAB07DA1FB2A29600EAE39B /* AppDelegate.swift */,
				8AAB07DC1FB2A29600EAE39B /* ViewController.swift */,
				8AAB07DE1FB2A29600EAE39B /* Main.storyboard */,
				8AAB07E11FB2A29600EAE39B /* Assets.xcassets */,
				8AAB07E31FB2A29600EAE39B /* LaunchScreen.storyboard */,
				8AAB07E61FB2A29600EAE39B /* Info.plist */,
				8AAB08081FB2A36E00EAE39B /* Loan.swift */,
				8AAB080A1FB2A38700EAE39B /* DetailViewController.swift */,
				8AAB080C1FB2A39100EAE39B /* TableViewController.swift */,
				8AAB080E1FB2A3A900EAE39B /* Cell.swift */,
			);
			path = QuizDonorDarah;
			sourceTree = "<group>";
		};
		8AAB07EE1FB2A29600EAE39B /* QuizDonorDarahTests */ = {
			isa = PBXGroup;
			children = (
				8AAB07EF1FB2A29600EAE39B /* QuizDonorDarahTests.swift */,
				8AAB07F11FB2A29600EAE39B /* Info.plist */,
			);
			path = QuizDonorDarahTests;
			sourceTree = "<group>";
		};
		8AAB07F91FB2A29600EAE39B /* QuizDonorDarahUITests */ = {
			isa = PBXGroup;
			children = (
				8AAB07FA1FB2A29600EAE39B /* QuizDonorDarahUITests.swift */,
				8AAB07FC1FB2A29600EAE39B /* Info.plist */,
			);
			path = QuizDonorDarahUITests;
			sourceTree = "<group>";
		};
/* End PBXGroup section */

/* Begin PBXNativeTarget section */
		8AAB07D61FB2A29600EAE39B /* QuizDonorDarah */ = {
			isa = PBXNativeTarget;
			buildConfigurationList = 8AAB07FF1FB2A29600EAE39B /* Build configuration list for PBXNativeTarget "QuizDonorDarah" */;
			buildPhases = (
				8AAB07D31FB2A29600EAE39B /* Sources */,
				8AAB07D41FB2A29600EAE39B /* Frameworks */,
				8AAB07D51FB2A29600EAE39B /* Resources */,
			);
			buildRules = (
			);
			dependencies = (
			);
			name = QuizDonorDarah;
			productName = QuizDonorDarah;
			productReference = 8AAB07D71FB2A29600EAE39B /* QuizDonorDarah.app */;
			productType = "com.apple.product-type.application";
		};
		8AAB07EA1FB2A29600EAE39B /* QuizDonorDarahTests */ = {
			isa = PBXNativeTarget;
			buildConfigurationList = 8AAB08021FB2A29600EAE39B /* Build configuration list for PBXNativeTarget "QuizDonorDarahTests" */;
			buildPhases = (
				8AAB07E71FB2A29600EAE39B /* Sources */,
				8AAB07E81FB2A29600EAE39B /* Frameworks */,
				8AAB07E91FB2A29600EAE39B /* Resources */,
			);
			buildRules = (
			);
			dependencies = (
				8AAB07ED1FB2A29600EAE39B /* PBXTargetDependency */,
			);
			name = QuizDonorDarahTests;
			productName = QuizDonorDarahTests;
			productReference = 8AAB07EB1FB2A29600EAE39B /* QuizDonorDarahTests.xctest */;
			productType = "com.apple.product-type.bundle.unit-test";
		};
		8AAB07F51FB2A29600EAE39B /* QuizDonorDarahUITests */ = {
			isa = PBXNativeTarget;
			buildConfigurationList = 8AAB08051FB2A29600EAE39B /* Build configuration list for PBXNativeTarget "QuizDonorDarahUITests" */;
			buildPhases = (
				8AAB07F21FB2A29600EAE39B /* Sources */,
				8AAB07F31FB2A29600EAE39B /* Frameworks */,
				8AAB07F41FB2A29600EAE39B /* Resources */,
			);
			buildRules = (
			);
			dependencies = (
				8AAB07F81FB2A29600EAE39B /* PBXTargetDependency */,
			);
			name = QuizDonorDarahUITests;
			productName = QuizDonorDarahUITests;
			productReference = 8AAB07F61FB2A29600EAE39B /* QuizDonorDarahUITests.xctest */;
			productType = "com.apple.product-type.bundle.ui-testing";
		};
/* End PBXNativeTarget section */

/* Begin PBXProject section */
		8AAB07CF1FB2A29600EAE39B /* Project object */ = {
			isa = PBXProject;
			attributes = {
				LastSwiftUpdateCheck = 0900;
				LastUpgradeCheck = 0900;
				ORGANIZATIONNAME = "Haidar Rais";
				TargetAttributes = {
					8AAB07D61FB2A29600EAE39B = {
						CreatedOnToolsVersion = 9.0;
						ProvisioningStyle = Automatic;
					};
					8AAB07EA1FB2A29600EAE39B = {
						CreatedOnToolsVersion = 9.0;
						ProvisioningStyle = Automatic;
						TestTargetID = 8AAB07D61FB2A29600EAE39B;
					};
					8AAB07F51FB2A29600EAE39B = {
						CreatedOnToolsVersion = 9.0;
						ProvisioningStyle = Automatic;
						TestTargetID = 8AAB07D61FB2A29600EAE39B;
					};
				};
			};
			buildConfigurationList = 8AAB07D21FB2A29600EAE39B /* Build configuration list for PBXProject "QuizDonorDarah" */;
			compatibilityVersion = "Xcode 8.0";
			developmentRegion = en;
			hasScannedForEncodings = 0;
			knownRegions = (
				en,
				Base,
			);
			mainGroup = 8AAB07CE1FB2A29600EAE39B;
			productRefGroup = 8AAB07D81FB2A29600EAE39B /* Products */;
			projectDirPath = "";
			projectRoot = "";
			targets = (
				8AAB07D61FB2A29600EAE39B /* QuizDonorDarah */,
				8AAB07EA1FB2A29600EAE39B /* QuizDonorDarahTests */,
				8AAB07F51FB2A29600EAE39B /* QuizDonorDarahUITests */,
			);
		};
/* End PBXProject section */

/* Begin PBXResourcesBuildPhase section */
		8AAB07D51FB2A29600EAE39B /* Resources */ = {
			isa = PBXResourcesBuildPhase;
			buildActionMask = 2147483647;
			files = (
				8AAB07E51FB2A29600EAE39B /* LaunchScreen.storyboard in Resources */,
				8AAB07E21FB2A29600EAE39B /* Assets.xcassets in Resources */,
				8AAB07E01FB2A29600EAE39B /* Main.storyboard in Resources */,
			);
			runOnlyForDeploymentPostprocessing = 0;
		};
		8AAB07E91FB2A29600EAE39B /* Resources */ = {
			isa = PBXResourcesBuildPhase;
			buildActionMask = 2147483647;
			files = (
			);
			runOnlyForDeploymentPostprocessing = 0;
		};
		8AAB07F41FB2A29600EAE39B /* Resources */ = {
			isa = PBXResourcesBuildPhase;
			buildActionMask = 2147483647;
			files = (
			);
			runOnlyForDeploymentPostprocessing = 0;
		};
/* End PBXResourcesBuildPhase section */

/* Begin PBXSourcesBuildPhase section */
		8AAB07D31FB2A29600EAE39B /* Sources */ = {
			isa = PBXSourcesBuildPhase;
			buildActionMask = 2147483647;
			files = (
				8AAB07DD1FB2A29600EAE39B /* ViewController.swift in Sources */,
				8AAB08091FB2A36E00EAE39B /* Loan.swift in Sources */,
				8AAB07DB1FB2A29600EAE39B /* AppDelegate.swift in Sources */,
				8AAB080D1FB2A39100EAE39B /* TableViewController.swift in Sources */,
				8AAB080B1FB2A38700EAE39B /* DetailViewController.swift in Sources */,
				8AAB080F1FB2A3A900EAE39B /* Cell.swift in Sources */,
			);
			runOnlyForDeploymentPostprocessing = 0;
		};
		8AAB07E71FB2A29600EAE39B /* Sources */ = {
			isa = PBXSourcesBuildPhase;
			buildActionMask = 2147483647;
			files = (
				8AAB07F01FB2A29600EAE39B /* QuizDonorDarahTests.swift in Sources */,
			);
			runOnlyForDeploymentPostprocessing = 0;
		};
		8AAB07F21FB2A29600EAE39B /* Sources */ = {
			isa = PBXSourcesBuildPhase;
			buildActionMask = 2147483647;
			files = (
				8AAB07FB1FB2A29600EAE39B /* QuizDonorDarahUITests.swift in Sources */,
			);
			runOnlyForDeploymentPostprocessing = 0;
		};
/* End PBXSourcesBuildPhase section */

/* Begin PBXTargetDependency section */
		8AAB07ED1FB2A29600EAE39B /* PBXTargetDependency */ = {
			isa = PBXTargetDependency;
			target = 8AAB07D61FB2A29600EAE39B /* QuizDonorDarah */;
			targetProxy = 8AAB07EC1FB2A29600EAE39B /* PBXContainerItemProxy */;
		};
		8AAB07F81FB2A29600EAE39B /* PBXTargetDependency */ = {
			isa = PBXTargetDependency;
			target = 8AAB07D61FB2A29600EAE39B /* QuizDonorDarah */;
			targetProxy = 8AAB07F71FB2A29600EAE39B /* PBXContainerItemProxy */;
		};
/* End PBXTargetDependency section */

/* Begin PBXVariantGroup section */
		8AAB07DE1FB2A29600EAE39B /* Main.storyboard */ = {
			isa = PBXVariantGroup;
			children = (
				8AAB07DF1FB2A29600EAE39B /* Base */,
			);
			name = Main.storyboard;
			sourceTree = "<group>";
		};
		8AAB07E31FB2A29600EAE39B /* LaunchScreen.storyboard */ = {
			isa = PBXVariantGroup;
			children = (
				8AAB07E41FB2A29600EAE39B /* Base */,
			);
			name = LaunchScreen.storyboard;
			sourceTree = "<group>";
		};
/* End PBXVariantGroup section */

/* Begin XCBuildConfiguration section */
		8AAB07FD1FB2A29600EAE39B /* Debug */ = {
			isa = XCBuildConfiguration;
			buildSettings = {
				ALWAYS_SEARCH_USER_PATHS = NO;
				CLANG_ANALYZER_NONNULL = YES;
				CLANG_ANALYZER_NUMBER_OBJECT_CONVERSION = YES_AGGRESSIVE;
				CLANG_CXX_LANGUAGE_STANDARD = "gnu++14";
				CLANG_CXX_LIBRARY = "libc++";
				CLANG_ENABLE_MODULES = YES;
				CLANG_ENABLE_OBJC_ARC = YES;
				CLANG_WARN_BLOCK_CAPTURE_AUTORELEASING = YES;
				CLANG_WARN_BOOL_CONVERSION = YES;
				CLANG_WARN_COMMA = YES;
				CLANG_WARN_CONSTANT_CONVERSION = YES;
				CLANG_WARN_DIRECT_OBJC_ISA_USAGE = YES_ERROR;
				CLANG_WARN_DOCUMENTATION_COMMENTS = YES;
				CLANG_WARN_EMPTY_BODY = YES;
				CLANG_WARN_ENUM_CONVERSION = YES;
				CLANG_WARN_INFINITE_RECURSION = YES;
				CLANG_WARN_INT_CONVERSION = YES;
				CLANG_WARN_NON_LITERAL_NULL_CONVERSION = YES;
				CLANG_WARN_OBJC_LITERAL_CONVERSION = YES;
				CLANG_WARN_OBJC_ROOT_CLASS = YES_ERROR;
				CLANG_WARN_RANGE_LOOP_ANALYSIS = YES;
				CLANG_WARN_STRICT_PROTOTYPES = YES;
				CLANG_WARN_SUSPICIOUS_MOVE = YES;
				CLANG_WARN_UNGUARDED_AVAILABILITY = YES_AGGRESSIVE;
				CLANG_WARN_UNREACHABLE_CODE = YES;
				CLANG_WARN__DUPLICATE_METHOD_MATCH = YES;
				CODE_SIGN_IDENTITY = "iPhone Developer";
				COPY_PHASE_STRIP = NO;
				DEBUG_INFORMATION_FORMAT = dwarf;
				ENABLE_STRICT_OBJC_MSGSEND = YES;
				ENABLE_TESTABILITY = YES;
				GCC_C_LANGUAGE_STANDARD = gnu11;
				GCC_DYNAMIC_NO_PIC = NO;
				GCC_NO_COMMON_BLOCKS = YES;
				GCC_OPTIMIZATION_LEVEL = 0;
				GCC_PREPROCESSOR_DEFINITIONS = (
					"DEBUG=1",
					"$(inherited)",
				);
				GCC_WARN_64_TO_32_BIT_CONVERSION = YES;
				GCC_WARN_ABOUT_RETURN_TYPE = YES_ERROR;
				GCC_WARN_UNDECLARED_SELECTOR = YES;
				GCC_WARN_UNINITIALIZED_AUTOS = YES_AGGRESSIVE;
				GCC_WARN_UNUSED_FUNCTION = YES;
				GCC_WARN_UNUSED_VARIABLE = YES;
				IPHONEOS_DEPLOYMENT_TARGET = 11.0;
				MTL_ENABLE_DEBUG_INFO = YES;
				ONLY_ACTIVE_ARCH = YES;
				SDKROOT = iphoneos;
				SWIFT_ACTIVE_COMPILATION_CONDITIONS = DEBUG;
				SWIFT_OPTIMIZATION_LEVEL = "-Onone";
			};
			name = Debug;
		};
		8AAB07FE1FB2A29600EAE39B /* Release */ = {
			isa = XCBuildConfiguration;
			buildSettings = {
				ALWAYS_SEARCH_USER_PATHS = NO;
				CLANG_ANALYZER_NONNULL = YES;
				CLANG_ANALYZER_NUMBER_OBJECT_CONVERSION = YES_AGGRESSIVE;
				CLANG_CXX_LANGUAGE_STANDARD = "gnu++14";
				CLANG_CXX_LIBRARY = "libc++";
				CLANG_ENABLE_MODULES = YES;
				CLANG_ENABLE_OBJC_ARC = YES;
				CLANG_WARN_BLOCK_CAPTURE_AUTORELEASING = YES;
				CLANG_WARN_BOOL_CONVERSION = YES;
				CLANG_WARN_COMMA = YES;
				CLANG_WARN_CONSTANT_CONVERSION = YES;
				CLANG_WARN_DIRECT_OBJC_ISA_USAGE = YES_ERROR;
				CLANG_WARN_DOCUMENTATION_COMMENTS = YES;
				CLANG_WARN_EMPTY_BODY = YES;
				CLANG_WARN_ENUM_CONVERSION = YES;
				CLANG_WARN_INFINITE_RECURSION = YES;
				CLANG_WARN_INT_CONVERSION = YES;
				CLANG_WARN_NON_LITERAL_NULL_CONVERSION = YES;
				CLANG_WARN_OBJC_LITERAL_CONVERSION = YES;
				CLANG_WARN_OBJC_ROOT_CLASS = YES_ERROR;
				CLANG_WARN_RANGE_LOOP_ANALYSIS = YES;
				CLANG_WARN_STRICT_PROTOTYPES = YES;
				CLANG_WARN_SUSPICIOUS_MOVE = YES;
				CLANG_WARN_UNGUARDED_AVAILABILITY = YES_AGGRESSIVE;
				CLANG_WARN_UNREACHABLE_CODE = YES;
				CLANG_WARN__DUPLICATE_METHOD_MATCH = YES;
				CODE_SIGN_IDENTITY = "iPhone Developer";
				COPY_PHASE_STRIP = NO;
				DEBUG_INFORMATION_FORMAT = "dwarf-with-dsym";
				ENABLE_NS_ASSERTIONS = NO;
				ENABLE_STRICT_OBJC_MSGSEND = YES;
				GCC_C_LANGUAGE_STANDARD = gnu11;
				GCC_NO_COMMON_BLOCKS = YES;
				GCC_WARN_64_TO_32_BIT_CONVERSION = YES;
				GCC_WARN_ABOUT_RETURN_TYPE = YES_ERROR;
				GCC_WARN_UNDECLARED_SELECTOR = YES;
				GCC_WARN_UNINITIALIZED_AUTOS = YES_AGGRESSIVE;
				GCC_WARN_UNUSED_FUNCTION = YES;
				GCC_WARN_UNUSED_VARIABLE = YES;
				IPHONEOS_DEPLOYMENT_TARGET = 11.0;
				MTL_ENABLE_DEBUG_INFO = NO;
				SDKROOT = iphoneos;
				SWIFT_OPTIMIZATION_LEVEL = "-Owholemodule";
				VALIDATE_PRODUCT = YES;
			};
			name = Release;
		};
		8AAB08001FB2A29600EAE39B /* Debug */ = {
			isa = XCBuildConfiguration;
			buildSettings = {
				ASSETCATALOG_COMPILER_APPICON_NAME = AppIcon;
				CODE_SIGN_STYLE = Automatic;
				INFOPLIST_FILE = QuizDonorDarah/Info.plist;
				LD_RUNPATH_SEARCH_PATHS = "$(inherited) @executable_path/Frameworks";
				PRODUCT_BUNDLE_IDENTIFIER = "Unique-Dev.QuizDonorDarah";
				PRODUCT_NAME = "$(TARGET_NAME)";
				SWIFT_VERSION = 4.0;
				TARGETED_DEVICE_FAMILY = "1,2";
			};
			name = Debug;
		};
		8AAB08011FB2A29600EAE39B /* Release */ = {
			isa = XCBuildConfiguration;
			buildSettings = {
				ASSETCATALOG_COMPILER_APPICON_NAME = AppIcon;
				CODE_SIGN_STYLE = Automatic;
				INFOPLIST_FILE = QuizDonorDarah/Info.plist;
				LD_RUNPATH_SEARCH_PATHS = "$(inherited) @executable_path/Frameworks";
				PRODUCT_BUNDLE_IDENTIFIER = "Unique-Dev.QuizDonorDarah";
				PRODUCT_NAME = "$(TARGET_NAME)";
				SWIFT_VERSION = 4.0;
				TARGETED_DEVICE_FAMILY = "1,2";
			};
			name = Release;
		};
		8AAB08031FB2A29600EAE39B /* Debug */ = {
			isa = XCBuildConfiguration;
			buildSettings = {
				ALWAYS_EMBED_SWIFT_STANDARD_LIBRARIES = YES;
				BUNDLE_LOADER = "$(TEST_HOST)";
				CODE_SIGN_STYLE = Automatic;
				INFOPLIST_FILE = QuizDonorDarahTests/Info.plist;
				LD_RUNPATH_SEARCH_PATHS = "$(inherited) @executable_path/Frameworks @loader_path/Frameworks";
				PRODUCT_BUNDLE_IDENTIFIER = "Unique-Dev.QuizDonorDarahTests";
				PRODUCT_NAME = "$(TARGET_NAME)";
				SWIFT_VERSION = 4.0;
				TARGETED_DEVICE_FAMILY = "1,2";
				TEST_HOST = "$(BUILT_PRODUCTS_DIR)/QuizDonorDarah.app/QuizDonorDarah";
			};
			name = Debug;
		};
		8AAB08041FB2A29600EAE39B /* Release */ = {
			isa = XCBuildConfiguration;
			buildSettings = {
				ALWAYS_EMBED_SWIFT_STANDARD_LIBRARIES = YES;
				BUNDLE_LOADER = "$(TEST_HOST)";
				CODE_SIGN_STYLE = Automatic;
				INFOPLIST_FILE = QuizDonorDarahTests/Info.plist;
				LD_RUNPATH_SEARCH_PATHS = "$(inherited) @executable_path/Frameworks @loader_path/Frameworks";
				PRODUCT_BUNDLE_IDENTIFIER = "Unique-Dev.QuizDonorDarahTests";
				PRODUCT_NAME = "$(TARGET_NAME)";
				SWIFT_VERSION = 4.0;
				TARGETED_DEVICE_FAMILY = "1,2";
				TEST_HOST = "$(BUILT_PRODUCTS_DIR)/QuizDonorDarah.app/QuizDonorDarah";
			};
			name = Release;
		};
		8AAB08061FB2A29600EAE39B /* Debug */ = {
			isa = XCBuildConfiguration;
			buildSettings = {
				ALWAYS_EMBED_SWIFT_STANDARD_LIBRARIES = YES;
				CODE_SIGN_STYLE = Automatic;
				INFOPLIST_FILE = QuizDonorDarahUITests/Info.plist;
				LD_RUNPATH_SEARCH_PATHS = "$(inherited) @executable_path/Frameworks @loader_path/Frameworks";
				PRODUCT_BUNDLE_IDENTIFIER = "Unique-Dev.QuizDonorDarahUITests";
				PRODUCT_NAME = "$(TARGET_NAME)";
				SWIFT_VERSION = 4.0;
				TARGETED_DEVICE_FAMILY = "1,2";
				TEST_TARGET_NAME = QuizDonorDarah;
			};
			name = Debug;
		};
		8AAB08071FB2A29600EAE39B /* Release */ = {
			isa = XCBuildConfiguration;
			buildSettings = {
				ALWAYS_EMBED_SWIFT_STANDARD_LIBRARIES = YES;
				CODE_SIGN_STYLE = Automatic;
				INFOPLIST_FILE = QuizDonorDarahUITests/Info.plist;
				LD_RUNPATH_SEARCH_PATHS = "$(inherited) @executable_path/Frameworks @loader_path/Frameworks";
				PRODUCT_BUNDLE_IDENTIFIER = "Unique-Dev.QuizDonorDarahUITests";
				PRODUCT_NAME = "$(TARGET_NAME)";
				SWIFT_VERSION = 4.0;
				TARGETED_DEVICE_FAMILY = "1,2";
				TEST_TARGET_NAME = QuizDonorDarah;
			};
			name = Release;
		};
/* End XCBuildConfiguration section */

/* Begin XCConfigurationList section */
		8AAB07D21FB2A29600EAE39B /* Build configuration list for PBXProject "QuizDonorDarah" */ = {
			isa = XCConfigurationList;
			buildConfigurations = (
				8AAB07FD1FB2A29600EAE39B /* Debug */,
				8AAB07FE1FB2A29600EAE39B /* Release */,
			);
			defaultConfigurationIsVisible = 0;
			defaultConfigurationName = Release;
		};
		8AAB07FF1FB2A29600EAE39B /* Build configuration list for PBXNativeTarget "QuizDonorDarah" */ = {
			isa = XCConfigurationList;
			buildConfigurations = (
				8AAB08001FB2A29600EAE39B /* Debug */,
				8AAB08011FB2A29600EAE39B /* Release */,
			);
			defaultConfigurationIsVisible = 0;
			defaultConfigurationName = Release;
		};
		8AAB08021FB2A29600EAE39B /* Build configuration list for PBXNativeTarget "QuizDonorDarahTests" */ = {
			isa = XCConfigurationList;
			buildConfigurations = (
				8AAB08031FB2A29600EAE39B /* Debug */,
				8AAB08041FB2A29600EAE39B /* Release */,
			);
			defaultConfigurationIsVisible = 0;
			defaultConfigurationName = Release;
		};
		8AAB08051FB2A29600EAE39B /* Build configuration list for PBXNativeTarget "QuizDonorDarahUITests" */ = {
			isa = XCConfigurationList;
			buildConfigurations = (
				8AAB08061FB2A29600EAE39B /* Debug */,
				8AAB08071FB2A29600EAE39B /* Release */,
			);
			defaultConfigurationIsVisible = 0;
			defaultConfigurationName = Release;
		};
/* End XCConfigurationList section */
	};
	rootObject = 8AAB07CF1FB2A29600EAE39B /* Project object */;
}
